// !$*UTF8*$!
{
	archiveVersion = 1;
	classes = {
	};
	objectVersion = 46;
	objects = {

/* Begin PBXBuildFile section */
		86698BB21A2FA37F00BB7053 /* AppDelegate.swift in Sources */ = {isa = PBXBuildFile; fileRef = 86698BB11A2FA37F00BB7053 /* AppDelegate.swift */; };
		86698BB41A2FA37F00BB7053 /* ViewController.swift in Sources */ = {isa = PBXBuildFile; fileRef = 86698BB31A2FA37F00BB7053 /* ViewController.swift */; };
		86698BB71A2FA37F00BB7053 /* Main.storyboard in Resources */ = {isa = PBXBuildFile; fileRef = 86698BB51A2FA37F00BB7053 /* Main.storyboard */; };
		86698BB91A2FA37F00BB7053 /* Images.xcassets in Resources */ = {isa = PBXBuildFile; fileRef = 86698BB81A2FA37F00BB7053 /* Images.xcassets */; };
		86698BBC1A2FA37F00BB7053 /* LaunchScreen.xib in Resources */ = {isa = PBXBuildFile; fileRef = 86698BBA1A2FA37F00BB7053 /* LaunchScreen.xib */; };
		86698BC81A2FA37F00BB7053 /* LoginWithDatabaseTests.swift in Sources */ = {isa = PBXBuildFile; fileRef = 86698BC71A2FA37F00BB7053 /* LoginWithDatabaseTests.swift */; };
/* End PBXBuildFile section */

/* Begin PBXContainerItemProxy section */
		86698BC21A2FA37F00BB7053 /* PBXContainerItemProxy */ = {
			isa = PBXContainerItemProxy;
			containerPortal = 86698BA41A2FA37E00BB7053 /* Project object */;
			proxyType = 1;
			remoteGlobalIDString = 86698BAB1A2FA37F00BB7053;
			remoteInfo = LoginWithDatabase;
		};
/* End PBXContainerItemProxy section */

/* Begin PBXFileReference section */
		86698BAC1A2FA37F00BB7053 /* LoginWithDatabase.app */ = {isa = PBXFileReference; explicitFileType = wrapper.application; includeInIndex = 0; path = LoginWithDatabase.app; sourceTree = BUILT_PRODUCTS_DIR; };
		86698BB01A2FA37F00BB7053 /* Info.plist */ = {isa = PBXFileReference; lastKnownFileType = text.plist.xml; path = Info.plist; sourceTree = "<group>"; };
		86698BB11A2FA37F00BB7053 /* AppDelegate.swift */ = {isa = PBXFileReference; lastKnownFileType = sourcecode.swift; path = AppDelegate.swift; sourceTree = "<group>"; };
		86698BB31A2FA37F00BB7053 /* ViewController.swift */ = {isa = PBXFileReference; lastKnownFileType = sourcecode.swift; path = ViewController.swift; sourceTree = "<group>"; };
		86698BB61A2FA37F00BB7053 /* Base */ = {isa = PBXFileReference; lastKnownFileType = file.storyboard; name = Base; path = Base.lproj/Main.storyboard; sourceTree = "<group>"; };
		86698BB81A2FA37F00BB7053 /* Images.xcassets */ = {isa = PBXFileReference; lastKnownFileType = folder.assetcatalog; path = Images.xcassets; sourceTree = "<group>"; };
		86698BBB1A2FA37F00BB7053 /* Base */ = {isa = PBXFileReference; lastKnownFileType = file.xib; name = Base; path = Base.lproj/LaunchScreen.xib; sourceTree = "<group>"; };
		86698BC11A2FA37F00BB7053 /* LoginWithDatabaseTests.xctest */ = {isa = PBXFileReference; explicitFileType = wrapper.cfbundle; includeInIndex = 0; path = LoginWithDatabaseTests.xctest; sourceTree = BUILT_PRODUCTS_DIR; };
		86698BC61A2FA37F00BB7053 /* Info.plist */ = {isa = PBXFileReference; lastKnownFileType = text.plist.xml; path = Info.plist; sourceTree = "<group>"; };
		86698BC71A2FA37F00BB7053 /* LoginWithDatabaseTests.swift */ = {isa = PBXFileReference; lastKnownFileType = sourcecode.swift; path = LoginWithDatabaseTests.swift; sourceTree = "<group>"; };
/* End PBXFileReference section */

/* Begin PBXFrameworksBuildPhase section */
		86698BA91A2FA37F00BB7053 /* Frameworks */ = {
			isa = PBXFrameworksBuildPhase;
			buildActionMask = 2147483647;
			files = (
			);
			runOnlyForDeploymentPostprocessing = 0;
		};
		86698BBE1A2FA37F00BB7053 /* Frameworks */ = {
			isa = PBXFrameworksBuildPhase;
			buildActionMask = 2147483647;
			files = (
			);
			runOnlyForDeploymentPostprocessing = 0;
		};
/* End PBXFrameworksBuildPhase section */

/* Begin PBXGroup section */
		86698BA31A2FA37E00BB7053 = {
			isa = PBXGroup;
			children = (
				86698BAE1A2FA37F00BB7053 /* LoginWithDatabase */,
				86698BC41A2FA37F00BB7053 /* LoginWithDatabaseTests */,
				86698BAD1A2FA37F00BB7053 /* Products */,
			);
			sourceTree = "<group>";
		};
		86698BAD1A2FA37F00BB7053 /* Products */ = {
			isa = PBXGroup;
			children = (
				86698BAC1A2FA37F00BB7053 /* LoginWithDatabase.app */,
				86698BC11A2FA37F00BB7053 /* LoginWithDatabaseTests.xctest */,
			);
			name = Products;
			sourceTree = "<group>";
		};
		86698BAE1A2FA37F00BB7053 /* LoginWithDatabase */ = {
			isa = PBXGroup;
			children = (
				86698BB11A2FA37F00BB7053 /* AppDelegate.swift */,
				86698BB31A2FA37F00BB7053 /* ViewController.swift */,
				86698BB51A2FA37F00BB7053 /* Main.storyboard */,
				86698BB81A2FA37F00BB7053 /* Images.xcassets */,
				86698BBA1A2FA37F00BB7053 /* LaunchScreen.xib */,
				86698BAF1A2FA37F00BB7053 /* Supporting Files */,
			);
			path = LoginWithDatabase;
			sourceTree = "<group>";
		};
		86698BAF1A2FA37F00BB7053 /* Supporting Files */ = {
			isa = PBXGroup;
			children = (
				86698BB01A2FA37F00BB7053 /* Info.plist */,
			);
			name = "Supporting Files";
			sourceTree = "<group>";
		};
		86698BC41A2FA37F00BB7053 /* LoginWithDatabaseTests */ = {
			isa = PBXGroup;
			children = (
				86698BC71A2FA37F00BB7053 /* LoginWithDatabaseTests.swift */,
				86698BC51A2FA37F00BB7053 /* Supporting Files */,
			);
			path = LoginWithDatabaseTests;
			sourceTree = "<group>";
		};
		86698BC51A2FA37F00BB7053 /* Supporting Files */ = {
			isa = PBXGroup;
			children = (
				86698BC61A2FA37F00BB7053 /* Info.plist */,
			);
			name = "Supporting Files";
			sourceTree = "<group>";
		};
/* End PBXGroup section */

/* Begin PBXNativeTarget section */
		86698BAB1A2FA37F00BB7053 /* LoginWithDatabase */ = {
			isa = PBXNativeTarget;
			buildConfigurationList = 86698BCB1A2FA37F00BB7053 /* Build configuration list for PBXNativeTarget "LoginWithDatabase" */;
			buildPhases = (
				86698BA81A2FA37F00BB7053 /* Sources */,
				86698BA91A2FA37F00BB7053 /* Frameworks */,
				86698BAA1A2FA37F00BB7053 /* Resources */,
			);
			buildRules = (
			);
			dependencies = (
			);
			name = LoginWithDatabase;
			productName = LoginWithDatabase;
			productReference = 86698BAC1A2FA37F00BB7053 /* LoginWithDatabase.app */;
			productType = "com.apple.product-type.application";
		};
		86698BC01A2FA37F00BB7053 /* LoginWithDatabaseTests */ = {
			isa = PBXNativeTarget;
			buildConfigurationList = 86698BCE1A2FA37F00BB7053 /* Build configuration list for PBXNativeTarget "LoginWithDatabaseTests" */;
			buildPhases = (
				86698BBD1A2FA37F00BB7053 /* Sources */,
				86698BBE1A2FA37F00BB7053 /* Frameworks */,
				86698BBF1A2FA37F00BB7053 /* Resources */,
			);
			buildRules = (
			);
			dependencies = (
				86698BC31A2FA37F00BB7053 /* PBXTargetDependency */,
			);
			name = LoginWithDatabaseTests;
			productName = LoginWithDatabaseTests;
			productReference = 86698BC11A2FA37F00BB7053 /* LoginWithDatabaseTests.xctest */;
			productType = "com.apple.product-type.bundle.unit-test";
		};
/* End PBXNativeTarget section */

/* Begin PBXProject section */
		86698BA41A2FA37E00BB7053 /* Project object */ = {
			isa = PBXProject;
			attributes = {
				LastUpgradeCheck = 0610;
				ORGANIZATIONNAME = "Márk Repits";
				TargetAttributes = {
					86698BAB1A2FA37F00BB7053 = {
						CreatedOnToolsVersion = 6.1;
					};
					86698BC01A2FA37F00BB7053 = {
						CreatedOnToolsVersion = 6.1;
						TestTargetID = 86698BAB1A2FA37F00BB7053;
					};
				};
			};
			buildConfigurationList = 86698BA71A2FA37E00BB7053 /* Build configuration list for PBXProject "LoginWithDatabase" */;
			compatibilityVersion = "Xcode 3.2";
			developmentRegion = English;
			hasScannedForEncodings = 0;
			knownRegions = (
				en,
				Base,
			);
			mainGroup = 86698BA31A2FA37E00BB7053;
			productRefGroup = 86698BAD1A2FA37F00BB7053 /* Products */;
			projectDirPath = "";
			projectRoot = "";
			targets = (
				86698BAB1A2FA37F00BB7053 /* LoginWithDatabase */,
				86698BC01A2FA37F00BB7053 /* LoginWithDatabaseTests */,
			);
		};
/* End PBXProject section */

/* Begin PBXResourcesBuildPhase section */
		86698BAA1A2FA37F00BB7053 /* Resources */ = {
			isa = PBXResourcesBuildPhase;
			buildActionMask = 2147483647;
			files = (
				86698BB71A2FA37F00BB7053 /* Main.storyboard in Resources */,
				86698BBC1A2FA37F00BB7053 /* LaunchScreen.xib in Resources */,
				86698BB91A2FA37F00BB7053 /* Images.xcassets in Resources */,
			);
			runOnlyForDeploymentPostprocessing = 0;
		};
		86698BBF1A2FA37F00BB7053 /* Resources */ = {
			isa = PBXResourcesBuildPhase;
			buildActionMask = 2147483647;
			files = (
			);
			runOnlyForDeploymentPostprocessing = 0;
		};
/* End PBXResourcesBuildPhase section */

/* Begin PBXSourcesBuildPhase section */
		86698BA81A2FA37F00BB7053 /* Sources */ = {
			isa = PBXSourcesBuildPhase;
			buildActionMask = 2147483647;
			files = (
				86698BB41A2FA37F00BB7053 /* ViewController.swift in Sources */,
				86698BB21A2FA37F00BB7053 /* AppDelegate.swift in Sources */,
			);
			runOnlyForDeploymentPostprocessing = 0;
		};
		86698BBD1A2FA37F00BB7053 /* Sources */ = {
			isa = PBXSourcesBuildPhase;
			buildActionMask = 2147483647;
			files = (
				86698BC81A2FA37F00BB7053 /* LoginWithDatabaseTests.swift in Sources */,
			);
			runOnlyForDeploymentPostprocessing = 0;
		};
/* End PBXSourcesBuildPhase section */

/* Begin PBXTargetDependency section */
		86698BC31A2FA37F00BB7053 /* PBXTargetDependency */ = {
			isa = PBXTargetDependency;
			target = 86698BAB1A2FA37F00BB7053 /* LoginWithDatabase */;
			targetProxy = 86698BC21A2FA37F00BB7053 /* PBXContainerItemProxy */;
		};
/* End PBXTargetDependency section */

/* Begin PBXVariantGroup section */
		86698BB51A2FA37F00BB7053 /* Main.storyboard */ = {
			isa = PBXVariantGroup;
			children = (
				86698BB61A2FA37F00BB7053 /* Base */,
			);
			name = Main.storyboard;
			sourceTree = "<group>";
		};
		86698BBA1A2FA37F00BB7053 /* LaunchScreen.xib */ = {
			isa = PBXVariantGroup;
			children = (
				86698BBB1A2FA37F00BB7053 /* Base */,
			);
			name = LaunchScreen.xib;
			sourceTree = "<group>";
		};
/* End PBXVariantGroup section */

/* Begin XCBuildConfiguration section */
		86698BC91A2FA37F00BB7053 /* Debug */ = {
			isa = XCBuildConfiguration;
			buildSettings = {
				ALWAYS_SEARCH_USER_PATHS = NO;
				CLANG_CXX_LANGUAGE_STANDARD = "gnu++0x";
				CLANG_CXX_LIBRARY = "libc++";
				CLANG_ENABLE_MODULES = YES;
				CLANG_ENABLE_OBJC_ARC = YES;
				CLANG_WARN_BOOL_CONVERSION = YES;
				CLANG_WARN_CONSTANT_CONVERSION = YES;
				CLANG_WARN_DIRECT_OBJC_ISA_USAGE = YES_ERROR;
				CLANG_WARN_EMPTY_BODY = YES;
				CLANG_WARN_ENUM_CONVERSION = YES;
				CLANG_WARN_INT_CONVERSION = YES;
				CLANG_WARN_OBJC_ROOT_CLASS = YES_ERROR;
				CLANG_WARN_UNREACHABLE_CODE = YES;
				CLANG_WARN__DUPLICATE_METHOD_MATCH = YES;
				"CODE_SIGN_IDENTITY[sdk=iphoneos*]" = "iPhone Developer";
				COPY_PHASE_STRIP = NO;
				ENABLE_STRICT_OBJC_MSGSEND = YES;
				GCC_C_LANGUAGE_STANDARD = gnu99;
				GCC_DYNAMIC_NO_PIC = NO;
				GCC_OPTIMIZATION_LEVEL = 0;
				GCC_PREPROCESSOR_DEFINITIONS = (
					"DEBUG=1",
					"$(inherited)",
				);
				GCC_SYMBOLS_PRIVATE_EXTERN = NO;
				GCC_WARN_64_TO_32_BIT_CONVERSION = YES;
				GCC_WARN_ABOUT_RETURN_TYPE = YES_ERROR;
				GCC_WARN_UNDECLARED_SELECTOR = YES;
				GCC_WARN_UNINITIALIZED_AUTOS = YES_AGGRESSIVE;
				GCC_WARN_UNUSED_FUNCTION = YES;
				GCC_WARN_UNUSED_VARIABLE = YES;
				IPHONEOS_DEPLOYMENT_TARGET = 8.1;
				MTL_ENABLE_DEBUG_INFO = YES;
				ONLY_ACTIVE_ARCH = YES;
				SDKROOT = iphoneos;
				SWIFT_OPTIMIZATION_LEVEL = "-Onone";
				TARGETED_DEVICE_FAMILY = "1,2";
			};
			name = Debug;
		};
		86698BCA1A2FA37F00BB7053 /* Release */ = {
			isa = XCBuildConfiguration;
			buildSettings = {
				ALWAYS_SEARCH_USER_PATHS = NO;
				CLANG_CXX_LANGUAGE_STANDARD = "gnu++0x";
				CLANG_CXX_LIBRARY = "libc++";
				CLANG_ENABLE_MODULES = YES;
				CLANG_ENABLE_OBJC_ARC = YES;
				CLANG_WARN_BOOL_CONVERSION = YES;
				CLANG_WARN_CONSTANT_CONVERSION = YES;
				CLANG_WARN_DIRECT_OBJC_ISA_USAGE = YES_ERROR;
				CLANG_WARN_EMPTY_BODY = YES;
				CLANG_WARN_ENUM_CONVERSION = YES;
				CLANG_WARN_INT_CONVERSION = YES;
				CLANG_WARN_OBJC_ROOT_CLASS = YES_ERROR;
				CLANG_WARN_UNREACHABLE_CODE = YES;
				CLANG_WARN__DUPLICATE_METHOD_MATCH = YES;
				"CODE_SIGN_IDENTITY[sdk=iphoneos*]" = "iPhone Developer";
				COPY_PHASE_STRIP = YES;
				ENABLE_NS_ASSERTIONS = NO;
				ENABLE_STRICT_OBJC_MSGSEND = YES;
				GCC_C_LANGUAGE_STANDARD = gnu99;
				GCC_WARN_64_TO_32_BIT_CONVERSION = YES;
				GCC_WARN_ABOUT_RETURN_TYPE = YES_ERROR;
				GCC_WARN_UNDECLARED_SELECTOR = YES;
				GCC_WARN_UNINITIALIZED_AUTOS = YES_AGGRESSIVE;
				GCC_WARN_UNUSED_FUNCTION = YES;
				GCC_WARN_UNUSED_VARIABLE = YES;
				IPHONEOS_DEPLOYMENT_TARGET = 8.1;
				MTL_ENABLE_DEBUG_INFO = NO;
				SDKROOT = iphoneos;
				TARGETED_DEVICE_FAMILY = "1,2";
				VALIDATE_PRODUCT = YES;
			};
			name = Release;
		};
		86698BCC1A2FA37F00BB7053 /* Debug */ = {
			isa = XCBuildConfiguration;
			buildSettings = {
				ASSETCATALOG_COMPILER_APPICON_NAME = AppIcon;
				INFOPLIST_FILE = LoginWithDatabase/Info.plist;
				LD_RUNPATH_SEARCH_PATHS = "$(inherited) @executable_path/Frameworks";
				PRODUCT_NAME = "$(TARGET_NAME)";
			};
			name = Debug;
		};
		86698BCD1A2FA37F00BB7053 /* Release */ = {
			isa = XCBuildConfiguration;
			buildSettings = {
				ASSETCATALOG_COMPILER_APPICON_NAME = AppIcon;
				INFOPLIST_FILE = LoginWithDatabase/Info.plist;
				LD_RUNPATH_SEARCH_PATHS = "$(inherited) @executable_path/Frameworks";
				PRODUCT_NAME = "$(TARGET_NAME)";
			};
			name = Release;
		};
		86698BCF1A2FA37F00BB7053 /* Debug */ = {
			isa = XCBuildConfiguration;
			buildSettings = {
				BUNDLE_LOADER = "$(TEST_HOST)";
				FRAMEWORK_SEARCH_PATHS = (
					"$(SDKROOT)/Developer/Library/Frameworks",
					"$(inherited)",
				);
				GCC_PREPROCESSOR_DEFINITIONS = (
					"DEBUG=1",
					"$(inherited)",
				);
				INFOPLIST_FILE = LoginWithDatabaseTests/Info.plist;
				LD_RUNPATH_SEARCH_PATHS = "$(inherited) @executable_path/Frameworks @loader_path/Frameworks";
				PRODUCT_NAME = "$(TARGET_NAME)";
				TEST_HOST = "$(BUILT_PRODUCTS_DIR)/LoginWithDatabase.app/LoginWithDatabase";
			};
			name = Debug;
		};
		86698BD01A2FA37F00BB7053 /* Release */ = {
			isa = XCBuildConfiguration;
			buildSettings = {
				BUNDLE_LOADER = "$(TEST_HOST)";
				FRAMEWORK_SEARCH_PATHS = (
					"$(SDKROOT)/Developer/Library/Frameworks",
					"$(inherited)",
				);
				INFOPLIST_FILE = LoginWithDatabaseTests/Info.plist;
				LD_RUNPATH_SEARCH_PATHS = "$(inherited) @executable_path/Frameworks @loader_path/Frameworks";
				PRODUCT_NAME = "$(TARGET_NAME)";
				TEST_HOST = "$(BUILT_PRODUCTS_DIR)/LoginWithDatabase.app/LoginWithDatabase";
			};
			name = Release;
		};
/* End XCBuildConfiguration section */

/* Begin XCConfigurationList section */
		86698BA71A2FA37E00BB7053 /* Build configuration list for PBXProject "LoginWithDatabase" */ = {
			isa = XCConfigurationList;
			buildConfigurations = (
				86698BC91A2FA37F00BB7053 /* Debug */,
				86698BCA1A2FA37F00BB7053 /* Release */,
			);
			defaultConfigurationIsVisible = 0;
			defaultConfigurationName = Release;
		};
		86698BCB1A2FA37F00BB7053 /* Build configuration list for PBXNativeTarget "LoginWithDatabase" */ = {
			isa = XCConfigurationList;
			buildConfigurations = (
				86698BCC1A2FA37F00BB7053 /* Debug */,
				86698BCD1A2FA37F00BB7053 /* Release */,
			);
			defaultConfigurationIsVisible = 0;
		};
		86698BCE1A2FA37F00BB7053 /* Build configuration list for PBXNativeTarget "LoginWithDatabaseTests" */ = {
			isa = XCConfigurationList;
			buildConfigurations = (
				86698BCF1A2FA37F00BB7053 /* Debug */,
				86698BD01A2FA37F00BB7053 /* Release */,
			);
			defaultConfigurationIsVisible = 0;
		};
/* End XCConfigurationList section */
	};
	rootObject = 86698BA41A2FA37E00BB7053 /* Project object */;
}
